{
  "name": "voice-translator-pro",
  "version": "1.0.0",
  "lockfileVersion": 1,
  "requires": true,
  "dependencies": {
    "tesseract.js": {
      "version": "4.1.1",
      "resolved": "https://registry.npmjs.org/tesseract.js/-/tesseract.js-4.1.1.tgz",
      "integrity": "sha512-abc123...",
      "requires": {
        "worker-farm": "^1.7.0"
      }
    },
    "firebase": {
      "version": "10.7.1",
      "resolved": "https://registry.npmjs.org/firebase/-/firebase-10.7.1.tgz",
      "integrity": "sha512-def456...",
      "requires": {
        "@firebase/app": "0.9.13",
        "@firebase/auth": "1.1.0",
        "@firebase/firestore": "4.0.0"
      }
    },
    "lz-string": {
      "version": "1.5.0",
      "resolved": "https://registry.npmjs.org/lz-string/-/lz-string-1.5.0.tgz",
      "integrity": "sha512-ghi789..."
    },
    "workbox-webpack-plugin": {
      "version": "7.0.0",
      "resolved": "https://registry.npmjs.org/workbox-webpack-plugin/-/workbox-webpack-plugin-7.0.0.tgz",
      "integrity": "sha512-jkl012...",
      "requires": {
        "workbox-build": "7.0.0"
      }
    }
  }
}
