# This file is automatically generated by Poetry and should not be changed manually.

[[package]]
name = "fastapi"
version = "0.104.1"
description = "FastAPI framework, high performance, easy to learn, fast to code, ready for production"
category = "main"
optional = false
python-versions = ">=3.8"
files = [
    {file = "fastapi-0.104.1-py3-none-any.whl", hash = "sha256:abc123..."},
    {file = "fastapi-0.104.1.tar.gz", hash = "sha256:def456..."},
]

[package.dependencies]
anyio = ">=3.0.0"
click = ">=7.0"
fastapi = ">=0.68.0"
h11 = ">=0.8"
httptools = ">=0.1.0"
python-dotenv = ">=0.13"
pydantic = ">=1.6.2"
pydantic-settings = ">=2.0.0"
sniffio = ">=1.1"
starlette = ">=0.27.0"
typing-extensions = ">=4.0.0"
uvloop = {version = ">=0.14.0", markers = "sys_platform != \"win32\""}
watchfiles = {version = ">=0.13", markers = "sys_platform == \"win32\""}
websockets = ">=10.0"

[[package]]
name = "uvicorn"
version = "0.24.0"
description = "The lightning-fast ASGI server"
category = "main"
optional = false
python-versions = ">=3.8"
files = [
    {file = "uvicorn-0.24.0-py3-none-any.whl", hash = "sha256:ghi789..."},
    {file = "uvicorn-0.24.0.tar.gz", hash = "sha256:jkl012..."},
]

[package.dependencies]
anyio = ">=3.0.0"
click = ">=7.0"
fastapi = ">=0.68.0"
h11 = ">=0.8"
httptools = ">=0.1.0"
python-dotenv = ">=0.13"
pydantic = ">=1.6.2"
pydantic-settings = ">=2.0.0"
sniffio = ">=1.1"
starlette = ">=0.27.0"
typing-extensions = ">=4.0.0"
uvloop = {version = ">=0.14.0", markers = "sys_platform != \"win32\""}
watchfiles = {version = ">=0.13", markers = "sys_platform == \"win32\""}
websockets = ">=10.0"

[[package]]
name = "gunicorn"
version = "21.2.0"
description = "WSGI HTTP Server for UNIX"
category = "main"
optional = false
python-versions = ">=3.8"
files = [
    {file = "gunicorn-21.2.0-py3-none-any.whl", hash = "sha256:mno345..."},
    {file = "gunicorn-21.2.0.tar.gz", hash = "sha256:pqr678..."},
]

[package.dependencies]
setuptools = ">=3.0"

[[package]]
name = "httpx"
version = "0.25.2"
description = "A next generation HTTP client for Python"
category = "main"
optional = false
python-versions = ">=3.8"
files = [
    {file = "httpx-0.25.2-py3-none-any.whl", hash = "sha256:stu901..."},
    {file = "httpx-0.25.2.tar.gz", hash = "sha256:vwx234..."},
]

[package.dependencies]
anyio = ">=3.0.0"
certifi = ">=2019.1.1"
h11 = ">=0.8"
h2 = ">=3.0.0"
hpack = ">=3.0.0"
httpcore = ">=0.18.0"
idna = ">=2.0"
rfc3986 = ">=1.3"
sniffio = ">=1.0.0"
typing-extensions = ">=4.0.0"

[[package]]
name = "requests"
version = "2.31.0"
description = "Python HTTP for Humans"
category = "main"
optional = false
python-versions = ">=3.8"
files = [
    {file = "requests-2.31.0-py2.py3-none-any.whl", hash = "sha256:yza567..."},
    {file = "requests-2.31.0.tar.gz", hash = "sha256:bcd890..."},
]

[package.dependencies]
certifi = ">=2017.4.17"
charset-normalizer = ">=2,<4"
idna = ">=2.5,<4"
urllib3 = ">=1.21.1,<3"

[[package]]
name = "sqlalchemy"
version = "2.0.23"
description = "Database Abstraction Library"
category = "main"
optional = false
python-versions = ">=3.8"
files = [
    {file = "SQLAlchemy-2.0.23-cp38-cp38-win_amd64.whl", hash = "sha256:efg123..."},
    {file = "SQLAlchemy-2.0.23-cp38-cp38-win_amd64.whl", hash = "sha256:hij456..."},
]

[package.dependencies]
typing-extensions = ">=4.2.0"

[[package]]
name = "alembic"
version = "1.12.1"
description = "A database migration tool for SQLAlchemy"
category = "main"
optional = false
python-versions = ">=3.8"
files = [
    {file = "alembic-1.12.1-py3-none-any.whl", hash = "sha256:klm789..."},
    {file = "alembic-1.12.1.tar.gz", hash = "sha256:nop012..."},
]

[package.dependencies]
sqlalchemy = ">=1.1.0"
typing-extensions = ">=4.0.0"

[[package]]
name = "psycopg2-binary"
version = "2.9.9"
description = "PostgreSQL adapter for Python"
category = "main"
optional = false
python-versions = ">=3.8"
files = [
    {file = "psycopg2_binary-2.9.9-cp38-cp38-win_amd64.whl", hash = "sha256:qrs345..."},
    {file = "psycopg2_binary-2.9.9.tar.gz", hash = "sha256:tuv678..."},
]

[package.dependencies]
setuptools = ">=3.0"

[[package]]
name = "redis"
version = "5.0.1"
description = "Python client for Redis key-value store"
category = "main"
optional = false
python-versions = ">=3.8"
files = [
    {file = "redis-5.0.1-py3-none-any.whl", hash = "sha256:wxy901..."},
    {file = "redis-5.0.1.tar.gz", hash = "sha256:zab234..."},
]

[package.dependencies]
hiredis = {version = ">=2.0.0", optional = true}
typing-extensions = ">=4.0.0"

[[package]]
name = "python-jose"
version = "3.3.0"
description = "A Python implementation of the JSON Web Token (JWT) standard"
category = "main"
optional = false
python-versions = ">=3.8"
files = [
    {file = "python_jose-3.3.0-py2.py3-none-any.whl", hash = "sha256:cde567..."},
    {file = "python_jose-3.3.0.tar.gz", hash = "sha256:def890..."},
]

[package.dependencies]
cryptography = {version = ">=3.0.0", optional = true}
ecdsa = {version = ">=0.5", optional = true}
pycryptodome = {version = ">=3.3.1", optional = true}
rsa = {version = ">=3.1.4", optional = true}

[[package]]
name = "passlib"
version = "1.7.4"
description = "A password hashing library for Python"
category = "main"
optional = false
python-versions = ">=3.8"
files = [
    {file = "passlib-1.7.4-py2.py3-none-any.whl", hash = "sha256:efg123..."},
    {file = "passlib-1.7.4.tar.gz", hash = "sha256:fgh456..."},
]

[package.dependencies]
bcrypt = {version = ">=3.1.0", optional = true}
argon2-cffi = {version = ">=16.1.0", optional = true}
scrypt = {version = ">=0.6.0", optional = true}

[[package]]
name = "python-multipart"
version = "0.0.6"
description = "A streaming multipart parser for Python"
category = "main"
optional = false
python-versions = ">=3.8"
files = [
    {file = "python_multipart-0.0.6-py3-none-any.whl", hash = "sha256:ghi789..."},
    {file = "python_multipart-0.0.6.tar.gz", hash = "sha256:hij012..."},
]

[package.dependencies]
typing-extensions = ">=4.0.0"

[[package]]
name = "pydantic"
version = "2.5.0"
description = "Data validation and settings management using Python type hints"
category = "main"
optional = false
python-versions = ">=3.8"
files = [
    {file = "pydantic-2.5.0-cp38-cp38-win_amd64.whl", hash = "sha256:jkl345..."},
    {file = "pydantic-2.5.0.tar.gz", hash = "sha256:klm678..."},
]

[package.dependencies]
annotated-types = ">=0.4.0"
pydantic-core = ">=2.14.0"
typing-extensions = ">=4.6.1"

[[package]]
name = "pydantic-settings"
version = "2.1.0"
description = "Settings management using Pydantic"
category = "main"
optional = false
python-versions = ">=3.8"
files = [
    {file = "pydantic_settings-2.1.0-py3-none-any.whl", hash = "sha256:mno901..."},
    {file = "pydantic_settings-2.1.0.tar.gz", hash = "sha256:nop234..."},
]

[package.dependencies]
pydantic = ">=2.0.0"
typing-extensions = ">=4.6.1"

[[package]]
name = "python-dotenv"
version = "1.0.0"
description = "Add .env support to your django/flask apps in development and deployments"
category = "main"
optional = false
python-versions = ">=3.8"
files = [
    {file = "python_dotenv-1.0.0-py3-none-any.whl", hash = "sha256:pqr567..."},
    {file = "python_dotenv-1.0.0.tar.gz", hash = "sha256:qrs890..."},
]

[package.dependencies]
typing-extensions = ">=4.0.0"

[[package]]
name = "loguru"
version = "0.7.2"
description = "Python logging made (stupidly) simple"
category = "main"
optional = false
python-versions = ">=3.8"
files = [
    {file = "loguru-0.7.2-py3-none-any.whl", hash = "sha256:stu123..."},
    {file = "loguru-0.7.2.tar.gz", hash = "sha256:tuv456..."},
]

[package.dependencies]
colorama = {version = ">=0.3.4", markers = "sys_platform == \"win32\""}
typing-extensions = ">=4.0.0"

[[package]]
name = "Pillow"
version = "10.1.0"
description = "Python Imaging Library (Fork)"
category = "main"
optional = false
python-versions = ">=3.8"
files = [
    {file = "Pillow-10.1.0-cp38-cp38-win_amd64.whl", hash = "sha256:wxy789..."},
    {file = "Pillow-10.1.0.tar.gz", hash = "sha256:yza012..."},
]

[package.dependencies]
typing-extensions = ">=4.0.0"

[[package]]
name = "opencv-python"
version = "4.8.1.78"
description = "Wrapper package for OpenCV python bindings"
category = "main"
optional = false
python-versions = ">=3.8"
files = [
    {file = "opencv_python-4.8.1.78-cp38-cp38-win_amd64.whl", hash = "sha256:zab345..."},
    {file = "opencv_python-4.8.1.78.tar.gz", hash = "sha256:abc678..."},
]

[package.dependencies]
numpy = ">=1.17.3"
typing-extensions = ">=4.0.0"

[[package]]
name = "nltk"
version = "3.8.1"
description = "Natural Language Toolkit"
category = "main"
optional = false
python-versions = ">=3.8"
files = [
    {file = "nltk-3.8.1-py3-none-any.whl", hash = "sha256:def901..."},
    {file = "nltk-3.8.1.tar.gz", hash = "sha256:efg234..."},
]

[package.dependencies]
click = ">=6.0"
joblib = ">=1.0.0"
regex = ">=2021.8.3"
tqdm = ">=4.64.0"
typing-extensions = ">=4.0.0"

[[package]]
name = "spacy"
version = "3.7.2"
description = "Industrial-strength Natural Language Processing (NLP) in Python"
category = "main"
optional = false
python-versions = ">=3.8"
files = [
    {file = "spacy-3.7.2-cp38-cp38-win_amd64.whl", hash = "sha256:fgh567..."},
    {file = "spacy-3.7.2.tar.gz", hash = "sha256:ghi890..."},
]

[package.dependencies]
catalogue = ">=2.0.3,<2.1.0"
cython = ">=0.25"
jinja2 = ">=2.10.1"
murmurhash = ">=0.28.0,<1.1.0"
numpy = ">=1.15.0"
packaging = ">=20.0"
pathy = ">=0.3.5"
preshed = ">=3.0.2,<3.1.0"
pydantic = ">=1.7.4,<3.0.0"
requests = ">=2.13.0"
setuptools = ">=38.6.0"
srsly = ">=2.4.0,<3.0.0"
thinc = ">=8.1.0,<8.2.0"
tqdm = ">=4.38.0"
typer = ">=0.3.0"
wasabi = ">=0.8.1,<1.1.0"

[[package]]
name = "transformers"
version = "4.36.0"
description = "State-of-the-art Machine Learning for JAX, PyTorch and TensorFlow"
category = "main"
optional = false
python-versions = ">=3.8"
files = [
    {file = "transformers-4.36.0-py3-none-any.whl", hash = "sha256:hij123..."},
    {file = "transformers-4.36.0.tar.gz", hash = "sha256:jkl456..."},
]

[package.dependencies]
accelerate = ">=0.20.0"
datasets = ">=2.0.0"
filelock = ">=3.0.0"
fsspec = ">=2021.05.0"
huggingface-hub = ">=0.16.0"
importlib-metadata = ">=4.0.0"
numpy = ">=1.17"
packaging = ">=20.0"
pyyaml = ">=5.1"
regex = ">=2019.12.17"
requests = ">=2.20.0"
safetensors = ">=0.3.0"
tokenizers = ">=0.13.0"
tqdm = ">=4.27"
typing-extensions = ">=4.0.0"

[[package]]
name = "torch"
version = "2.1.1"
description = "Tensors and Dynamic neural networks in Python with strong GPU acceleration"
category = "main"
optional = false
python-versions = ">=3.8"
files = [
    {file = "torch-2.1.1-cp38-cp38-win_amd64.whl", hash = "sha256:klm789..."},
    {file = "torch-2.1.1.tar.gz", hash = "sha256:mno012..."},
]

[package.dependencies]
typing-extensions = ">=4.0.0"

[[package]]
name = "torchaudio"
version = "2.1.1"
description = "An audio library for PyTorch"
category = "main"
optional = false
python-versions = ">=3.8"
files = [
    {file = "torchaudio-2.1.1-cp38-cp38-win_amd64.whl", hash = "sha256:nop345..."},
    {file = "torchaudio-2.1.1.tar.gz", hash = "sha256:pqr678..."},
]

[package.dependencies]
torch = ">=2.1.0"
typing-extensions = ">=4.0.0"

[[package]]
name = "torchvision"
version = "0.16.1"
description = "Image and video datasets and models for torch deep learning"
category = "main"
optional = false
python-versions = ">=3.8"
files = [
    {file = "torchvision-0.16.1-cp38-cp38-win_amd64.whl", hash = "sha256:qrs901..."},
    {file = "torchvision-0.16.1.tar.gz", hash = "sha256:stu234..."},
]

[package.dependencies]
torch = ">=2.1.0"
typing-extensions = ">=4.0.0"

[[package]]
name = "librosa"
version = "0.10.1"
description = "Python library for audio and music analysis"
category = "main"
optional = false
python-versions = ">=3.8"
files = [
    {file = "librosa-0.10.1-py3-none-any.whl", hash = "sha256:tuv567..."},
    {file = "librosa-0.10.1.tar.gz", hash = "sha256:vwx890..."},
]

[package.dependencies]
audioread = ">=2.1.0"
decorator = ">=4.0.0"
joblib = ">=0.14.0"
numba = ">=0.45.0"
numpy = ">=1.15.0"
packaging = ">=20.0"
pooch = ">=1.0.0"
resampy = ">=0.2.2"
scikit-learn = ">=0.19.0"
scipy = ">=1.2.0"
soundfile = ">=0.10.0"
typing-extensions = ">=4.0.0"

[[package]]
name = "soundfile"
version = "0.12.1"
description = "An audio library based on libsndfile, CFFI and NumPy"
category = "main"
optional = false
python-versions = ">=3.8"
files = [
    {file = "soundfile-0.12.1-py3-none-any.whl", hash = "sha256:wxy123..."},
    {file = "soundfile-0.12.1.tar.gz", hash = "sha256:yza456..."},
]

[package.dependencies]
cffi = ">=1.0.0"
numpy = ">=1.0.0"
typing-extensions = ">=4.0.0"

[[package]]
name = "googletrans"
version = "4.0.0rc1"
description = "Free Google Translate API for Python"
category = "main"
optional = false
python-versions = ">=3.8"
files = [
    {file = "googletrans-4.0.0rc1-py3-none-any.whl", hash = "sha256:zab789..."},
    {file = "googletrans-4.0.0rc1.tar.gz", hash = "sha256:abc012..."},
]

[package.dependencies]
httpx = ">=0.13.0"
typing-extensions = ">=4.0.0"

[[package]]
name = "deep-translator"
version = "1.11.4"
description = "A flexible free and unlimited (to the extent possible) python tool to translate between different languages in a simple way using multiple translators"
category = "main"
optional = false
python-versions = ">=3.8"
files = [
    {file = "deep_translator-1.11.4-py3-none-any.whl", hash = "sha256:def345..."},
    {file = "deep_translator-1.11.4.tar.gz", hash = "sha256:efg678..."},
]

[package.dependencies]
beautifulsoup4 = ">=4.9.0"
requests = ">=2.25.0"
typing-extensions = ">=4.0.0"

[[package]]
name = "pytesseract"
version = "0.3.10"
description = "Python-tesseract is a python wrapper for Google's Tesseract-OCR"
category = "main"
optional = false
python-versions = ">=3.8"
files = [
    {file = "pytesseract-0.3.10-py3-none-any.whl", hash = "sha256:fgh901..."},
    {file = "pytesseract-0.3.10.tar.gz", hash = "sha256:ghi234..."},
]

[package.dependencies]
Pillow = ">=4.0.0"
typing-extensions = ">=4.0.0"

[[package]]
name = "easyocr"
version = "1.7.0"
description = "Ready-to-use OCR with 80+ languages supported including Chinese, Japanese, Korean and Thai"
category = "main"
optional = false
python-versions = ">=3.8"
files = [
    {file = "easyocr-1.7.0-py3-none-any.whl", hash = "sha256:hij567..."},
    {file = "easyocr-1.7.0.tar.gz", hash = "sha256:jkl890..."},
]

[package.dependencies]
numpy = ">=1.19.0"
opencv-python = ">=4.5.0"
Pillow = ">=8.0.0"
scipy = ">=1.7.0"
torch = ">=1.7.0"
torchvision = ">=0.8.0"
typing-extensions = ">=4.0.0"

[[package]]
name = "diskcache"
version = "5.6.3"
description = "Disk-based cache for Python"
category = "main"
optional = false
python-versions = ">=3.8"
files = [
    {file = "diskcache-5.6.3-py3-none-any.whl", hash = "sha256:klm123..."},
    {file = "diskcache-5.6.3.tar.gz", hash = "sha256:mno456..."},
]

[package.dependencies]
typing-extensions = ">=4.0.0"

[[package]]
name = "celery"
version = "5.3.4"
description = "Distributed Task Queue"
category = "main"
optional = false
python-versions = ">=3.8"
files = [
    {file = "celery-5.3.4-py3-none-any.whl", hash = "sha256:nop789..."},
    {file = "celery-5.3.4.tar.gz", hash = "sha256:pqr012..."},
]

[package.dependencies]
billiard = ">=4.2.0"
click = ">=7.0"
click-didyoumean = ">=0.0.3"
click-plugins = ">=1.1.1"
click-repl = ">=0.2.0"
kombu = ">=5.3.0"
pytz = ">=2021.3"
vine = ">=5.0.0"
typing-extensions = ">=4.0.0"

[[package]]
name = "kombu"
version = "5.3.4"
description = "Messaging library for Python"
category = "main"
optional = false
python-versions = ">=3.8"
files = [
    {file = "kombu-5.3.4-py3-none-any.whl", hash = "sha256:qrs345..."},
    {file = "kombu-5.3.4.tar.gz", hash = "sha256:stu678..."},
]

[package.dependencies]
amqp = ">=5.1.0"
vine = ">=5.0.0"
typing-extensions = ">=4.0.0"

[[package]]
name = "websockets"
version = "12.0"
description = "An implementation of the WebSocket Protocol (RFC 6455 & 7692)"
category = "main"
optional = false
python-versions = ">=3.8"
files = [
    {file = "websockets-12.0-py3-none-any.whl", hash = "sha256:tuv901..."},
    {file = "websockets-12.0.tar.gz", hash = "sha256:vwx234..."},
]

[package.dependencies]
typing-extensions = ">=4.0.0"

[[package]]
name = "aiofiles"
version = "23.2.1"
description = "File support for asyncio"
category = "main"
optional = false
python-versions = ">=3.8"
files = [
    {file = "aiofiles-23.2.1-py3-none-any.whl", hash = "sha256:wxy567..."},
    {file = "aiofiles-23.2.1.tar.gz", hash = "sha256:yza890..."},
]

[package.dependencies]
typing-extensions = ">=4.0.0"

[[package]]
name = "python-dateutil"
version = "2.8.2"
description = "Extensions to the standard Python datetime module"
category = "main"
optional = false
python-versions = ">=3.8"
files = [
    {file = "python_dateutil-2.8.2-py2.py3-none-any.whl", hash = "sha256:zab123..."},
    {file = "python_dateutil-2.8.2.tar.gz", hash = "sha256:abc456..."},
]

[package.dependencies]
six = ">=1.5"
typing-extensions = ">=4.0.0"

[[package]]
name = "click"
version = "8.1.7"
description = "Composable command line interface toolkit"
category = "main"
optional = false
python-versions = ">=3.8"
files = [
    {file = "click-8.1.7-py3-none-any.whl", hash = "sha256:def789..."},
    {file = "click-8.1.7.tar.gz", hash = "sha256:efg012..."},
]

[package.dependencies]
typing-extensions = ">=4.0.0"

[[package]]
name = "rich"
version = "13.7.0"
description = "Rich text and beautiful formatting in the terminal"
category = "main"
optional = false
python-versions = ">=3.8"
files = [
    {file = "rich-13.7.0-py3-none-any.whl", hash = "sha256:fgh345..."},
    {file = "rich-13.7.0.tar.gz", hash = "sha256:ghi678..."},
]

[package.dependencies]
typing-extensions = ">=4.0.0"

[[package]]
name = "typer"
version = "0.9.0"
description = "Typer, build great CLIs. Easy to code. Based on Python type hints"
category = "main"
optional = false
python-versions = ">=3.8"
files = [
    {file = "typer-0.9.0-py3-none-any.whl", hash = "sha256:hij901..."},
    {file = "typer-0.9.0.tar.gz", hash = "sha256:jkl234..."},
]

[package.dependencies]
click = ">=7.0.0"
typing-extensions = ">=4.0.0"

[metadata]
lock-version = "2.0"
python-versions = ">=3.8"
content-hash = "abcdef1234567890abcdef1234567890abcdef12"
