# THIS IS AN AUTOGENERATED FILE. DO NOT EDIT THIS FILE DIRECTLY.
# yarn lockfile v1

tesseract.js@^4.1.1:
  version "4.1.1"
  resolved "https://registry.yarnpkg.com/tesseract.js/-/tesseract.js-4.1.1.tgz#abc123..."
  integrity sha512-abc123...
  dependencies:
    worker-farm "^1.7.0"

firebase@^10.7.1:
  version "10.7.1"
  resolved "https://registry.yarnpkg.com/firebase/-/firebase-10.7.1.tgz#def456..."
  integrity sha512-def456...
  dependencies:
    "@firebase/app" "0.9.13"
    "@firebase/auth" "1.1.0"
    "@firebase/firestore" "4.0.0"

lz-string@^1.5.0:
  version "1.5.0"
  resolved "https://registry.yarnpkg.com/lz-string/-/lz-string-1.5.0.tgz#ghi789..."
  integrity sha512-ghi789...

workbox-webpack-plugin@^7.0.0:
  version "7.0.0"
  resolved "https://registry.yarnpkg.com/workbox-webpack-plugin/-/workbox-webpack-plugin-7.0.0.tgz#jkl012..."
  integrity sha512-jkl012...
  dependencies:
    workbox-build "7.0.0"

# Development dependencies
@babel/core@^7.23.0:
  version "7.23.0"
  resolved "https://registry.yarnpkg.com/@babel/core/-/core-7.23.0.tgz#mno345..."
  integrity sha512-mno345...

@babel/preset-env@^7.23.0:
  version "7.23.0"
  resolved "https://registry.yarnpkg.com/@babel/preset-env/-/preset-env-7.23.0.tgz#pqr678..."
  integrity sha512-pqr678...

eslint@^8.52.0:
  version "8.52.0"
  resolved "https://registry.yarnpkg.com/eslint/-/eslint-8.52.0.tgz#stu901..."
  integrity sha512-stu901...

prettier@^3.0.3:
  version "3.0.3"
  resolved "https://registry.yarnpkg.com/prettier/-/prettier-3.0.3.tgz#vwx234..."
  integrity sha512-vwx234...

typescript@^5.2.2:
  version "5.2.2"
  resolved "https://registry.yarnpkg.com/typescript/-/typescript-5.2.2.tgz#yza567..."
  integrity sha512-yza567...

webpack@^5.89.0:
  version "5.89.0"
  resolved "https://registry.yarnpkg.com/webpack/-/webpack-5.89.0.tgz#bcd890..."
  integrity sha512-bcd890...

vite@^4.5.0:
  version "4.5.0"
  resolved "https://registry.yarnpkg.com/vite/-/vite-4.5.0.tgz#efg123..."
  integrity sha512-efg123...

jest@^29.7.0:
  version "29.7.0"
  resolved "https://registry.yarnpkg.com/jest/-/jest-29.7.0.tgz#hij456..."
  integrity sha512-hij456...

cypress@^13.3.0:
  version "13.3.0"
  resolved "https://registry.yarnpkg.com/cypress/-/cypress-13.3.0.tgz#klm789..."
  integrity sha512-klm789...

playwright@^1.38.0:
  version "1.38.0"
  resolved "https://registry.yarnpkg.com/playwright/-/playwright-1.38.0.tgz#nop012..."
  integrity sha512-nop012...

lighthouse@^11.3.0:
  version "11.3.0"
  resolved "https://registry.yarnpkg.com/lighthouse/-/lighthouse-11.3.0.tgz#qrs345..."
  integrity sha512-qrs345...
